
Microsoft Visual Studio Solution File, Format Version 12.00
# Visual Studio 15
VisualStudioVersion = 15.0.27703.2047
MinimumVisualStudioVersion = 10.0.40219.1
Project("{FAE04EC0-301F-11D3-BF4B-00C04F79EFBC}") = "CEA.LORENZO.2D", "20180628-SP.v1\CEA.LORENZO.2D.csproj", "{28C748DA-E056-4201-87AC-D6C5FE82D35E}"
EndProject
Project("{FAE04EC0-301F-11D3-BF4B-00C04F79EFBC}") = "Entidades", "Entidades\Entidades.csproj", "{2721927A-E946-40D8-AB29-7053C0AC7CD5}"
EndProject
Project("{FAE04EC0-301F-11D3-BF4B-00C04F79EFBC}") = "Excepciones", "Excepciones\Excepciones.csproj", "{5FEDD788-AC76-4020-BD8F-16ACC6C84D98}"
EndProject
Project("{FAE04EC0-301F-11D3-BF4B-00C04F79EFBC}") = "Tests Unitarios", "Tests Unitarios\Tests Unitarios.csproj", "{1A3ED8DA-D21B-443A-879A-D9C7E191C2F1}"
EndProject
Global
	GlobalSection(SolutionConfigurationPlatforms) = preSolution
		Debug|Any CPU = Debug|Any CPU
		Release|Any CPU = Release|Any CPU
	EndGlobalSection
	GlobalSection(ProjectConfigurationPlatforms) = postSolution
		{28C748DA-E056-4201-87AC-D6C5FE82D35E}.Debug|Any CPU.ActiveCfg = Debug|Any CPU
		{28C748DA-E056-4201-87AC-D6C5FE82D35E}.Debug|Any CPU.Build.0 = Debug|Any CPU
		{28C748DA-E056-4201-87AC-D6C5FE82D35E}.Release|Any CPU.ActiveCfg = Release|Any CPU
		{28C748DA-E056-4201-87AC-D6C5FE82D35E}.Release|Any CPU.Build.0 = Release|Any CPU
		{2721927A-E946-40D8-AB29-7053C0AC7CD5}.Debug|Any CPU.ActiveCfg = Debug|Any CPU
		{2721927A-E946-40D8-AB29-7053C0AC7CD5}.Debug|Any CPU.Build.0 = Debug|Any CPU
		{2721927A-E946-40D8-AB29-7053C0AC7CD5}.Release|Any CPU.ActiveCfg = Release|Any CPU
		{2721927A-E946-40D8-AB29-7053C0AC7CD5}.Release|Any CPU.Build.0 = Release|Any CPU
		{5FEDD788-AC76-4020-BD8F-16ACC6C84D98}.Debug|Any CPU.ActiveCfg = Debug|Any CPU
		{5FEDD788-AC76-4020-BD8F-16ACC6C84D98}.Debug|Any CPU.Build.0 = Debug|Any CPU
		{5FEDD788-AC76-4020-BD8F-16ACC6C84D98}.Release|Any CPU.ActiveCfg = Release|Any CPU
		{5FEDD788-AC76-4020-BD8F-16ACC6C84D98}.Release|Any CPU.Build.0 = Release|Any CPU
		{1A3ED8DA-D21B-443A-879A-D9C7E191C2F1}.Debug|Any CPU.ActiveCfg = Debug|Any CPU
		{1A3ED8DA-D21B-443A-879A-D9C7E191C2F1}.Debug|Any CPU.Build.0 = Debug|Any CPU
		{1A3ED8DA-D21B-443A-879A-D9C7E191C2F1}.Release|Any CPU.ActiveCfg = Release|Any CPU
		{1A3ED8DA-D21B-443A-879A-D9C7E191C2F1}.Release|Any CPU.Build.0 = Release|Any CPU
	EndGlobalSection
	GlobalSection(SolutionProperties) = preSolution
		HideSolutionNode = FALSE
	EndGlobalSection
	GlobalSection(ExtensibilityGlobals) = postSolution
		SolutionGuid = {CFE7CE3D-2C13-440C-A0C9-384C1E0E1B7E}
	EndGlobalSection
EndGlobal
